// !$*UTF8*$!
{
	archiveVersion = 1;
	classes = {
	};
	objectVersion = 46;
	objects = {

/* Begin PBXBuildFile section */
		6177ED931E1713A600FE946D /* main.m in Sources */ = {isa = PBXBuildFile; fileRef = 6177ED921E1713A600FE946D /* main.m */; };
		6177ED961E1713A600FE946D /* AppDelegate.m in Sources */ = {isa = PBXBuildFile; fileRef = 6177ED951E1713A600FE946D /* AppDelegate.m */; };
		6177ED9C1E1713A600FE946D /* Main.storyboard in Resources */ = {isa = PBXBuildFile; fileRef = 6177ED9A1E1713A600FE946D /* Main.storyboard */; };
		6177ED9E1E1713A600FE946D /* Assets.xcassets in Resources */ = {isa = PBXBuildFile; fileRef = 6177ED9D1E1713A600FE946D /* Assets.xcassets */; };
		6177EDA11E1713A600FE946D /* LaunchScreen.storyboard in Resources */ = {isa = PBXBuildFile; fileRef = 6177ED9F1E1713A600FE946D /* LaunchScreen.storyboard */; };
		6177EDAA1E1713CA00FE946D /* LEContainerViewController.m in Sources */ = {isa = PBXBuildFile; fileRef = 6177EDA91E1713CA00FE946D /* LEContainerViewController.m */; };
		6177EDAD1E1713E900FE946D /* LEBasicController.m in Sources */ = {isa = PBXBuildFile; fileRef = 6177EDAC1E1713E900FE946D /* LEBasicController.m */; };
		6177EDB01E1713F300FE946D /* LELeftController.m in Sources */ = {isa = PBXBuildFile; fileRef = 6177EDAF1E1713F300FE946D /* LELeftController.m */; };
		6177EDB21E17140400FE946D /* contain.xib in Resources */ = {isa = PBXBuildFile; fileRef = 6177EDB11E17140400FE946D /* contain.xib */; };
		6177EDB41E17140F00FE946D /* basic.xib in Resources */ = {isa = PBXBuildFile; fileRef = 6177EDB31E17140F00FE946D /* basic.xib */; };
		6177EDB61E17141F00FE946D /* left.xib in Resources */ = {isa = PBXBuildFile; fileRef = 6177EDB51E17141F00FE946D /* left.xib */; };
		6177EDB91E1719CC00FE946D /* LECell.m in Sources */ = {isa = PBXBuildFile; fileRef = 6177EDB81E1719CC00FE946D /* LECell.m */; };
		6177EDBB1E171CB800FE946D /* Images in Resources */ = {isa = PBXBuildFile; fileRef = 6177EDBA1E171CB800FE946D /* Images */; };
/* End PBXBuildFile section */

/* Begin PBXFileReference section */
		6177ED8E1E1713A600FE946D /* Lab#12NavigateControl.app */ = {isa = PBXFileReference; explicitFileType = wrapper.application; includeInIndex = 0; path = "Lab#12NavigateControl.app"; sourceTree = BUILT_PRODUCTS_DIR; };
		6177ED921E1713A600FE946D /* main.m */ = {isa = PBXFileReference; lastKnownFileType = sourcecode.c.objc; path = main.m; sourceTree = "<group>"; };
		6177ED941E1713A600FE946D /* AppDelegate.h */ = {isa = PBXFileReference; lastKnownFileType = sourcecode.c.h; path = AppDelegate.h; sourceTree = "<group>"; };
		6177ED951E1713A600FE946D /* AppDelegate.m */ = {isa = PBXFileReference; lastKnownFileType = sourcecode.c.objc; path = AppDelegate.m; sourceTree = "<group>"; };
		6177ED9B1E1713A600FE946D /* Base */ = {isa = PBXFileReference; lastKnownFileType = file.storyboard; name = Base; path = Base.lproj/Main.storyboard; sourceTree = "<group>"; };
		6177ED9D1E1713A600FE946D /* Assets.xcassets */ = {isa = PBXFileReference; lastKnownFileType = folder.assetcatalog; path = Assets.xcassets; sourceTree = "<group>"; };
		6177EDA01E1713A600FE946D /* Base */ = {isa = PBXFileReference; lastKnownFileType = file.storyboard; name = Base; path = Base.lproj/LaunchScreen.storyboard; sourceTree = "<group>"; };
		6177EDA21E1713A600FE946D /* Info.plist */ = {isa = PBXFileReference; lastKnownFileType = text.plist.xml; path = Info.plist; sourceTree = "<group>"; };
		6177EDA81E1713CA00FE946D /* LEContainerViewController.h */ = {isa = PBXFileReference; fileEncoding = 4; lastKnownFileType = sourcecode.c.h; path = LEContainerViewController.h; sourceTree = "<group>"; };
		6177EDA91E1713CA00FE946D /* LEContainerViewController.m */ = {isa = PBXFileReference; fileEncoding = 4; lastKnownFileType = sourcecode.c.objc; path = LEContainerViewController.m; sourceTree = "<group>"; };
		6177EDAB1E1713E900FE946D /* LEBasicController.h */ = {isa = PBXFileReference; fileEncoding = 4; lastKnownFileType = sourcecode.c.h; path = LEBasicController.h; sourceTree = "<group>"; };
		6177EDAC1E1713E900FE946D /* LEBasicController.m */ = {isa = PBXFileReference; fileEncoding = 4; lastKnownFileType = sourcecode.c.objc; path = LEBasicController.m; sourceTree = "<group>"; };
		6177EDAE1E1713F300FE946D /* LELeftController.h */ = {isa = PBXFileReference; fileEncoding = 4; lastKnownFileType = sourcecode.c.h; path = LELeftController.h; sourceTree = "<group>"; };
		6177EDAF1E1713F300FE946D /* LELeftController.m */ = {isa = PBXFileReference; fileEncoding = 4; lastKnownFileType = sourcecode.c.objc; path = LELeftController.m; sourceTree = "<group>"; };
		6177EDB11E17140400FE946D /* contain.xib */ = {isa = PBXFileReference; fileEncoding = 4; lastKnownFileType = file.xib; path = contain.xib; sourceTree = "<group>"; };
		6177EDB31E17140F00FE946D /* basic.xib */ = {isa = PBXFileReference; fileEncoding = 4; lastKnownFileType = file.xib; path = basic.xib; sourceTree = "<group>"; };
		6177EDB51E17141F00FE946D /* left.xib */ = {isa = PBXFileReference; fileEncoding = 4; lastKnownFileType = file.xib; path = left.xib; sourceTree = "<group>"; };
		6177EDB71E1719CC00FE946D /* LECell.h */ = {isa = PBXFileReference; fileEncoding = 4; lastKnownFileType = sourcecode.c.h; path = LECell.h; sourceTree = "<group>"; };
		6177EDB81E1719CC00FE946D /* LECell.m */ = {isa = PBXFileReference; fileEncoding = 4; lastKnownFileType = sourcecode.c.objc; path = LECell.m; sourceTree = "<group>"; };
		6177EDBA1E171CB800FE946D /* Images */ = {isa = PBXFileReference; lastKnownFileType = folder; path = Images; sourceTree = "<group>"; };
/* End PBXFileReference section */

/* Begin PBXFrameworksBuildPhase section */
		6177ED8B1E1713A600FE946D /* Frameworks */ = {
			isa = PBXFrameworksBuildPhase;
			buildActionMask = 2147483647;
			files = (
			);
			runOnlyForDeploymentPostprocessing = 0;
		};
/* End PBXFrameworksBuildPhase section */

/* Begin PBXGroup section */
		6177ED851E1713A600FE946D = {
			isa = PBXGroup;
			children = (
				6177ED901E1713A600FE946D /* Lab#12NavigateControl */,
				6177ED8F1E1713A600FE946D /* Products */,
			);
			sourceTree = "<group>";
		};
		6177ED8F1E1713A600FE946D /* Products */ = {
			isa = PBXGroup;
			children = (
				6177ED8E1E1713A600FE946D /* Lab#12NavigateControl.app */,
			);
			name = Products;
			sourceTree = "<group>";
		};
		6177ED901E1713A600FE946D /* Lab#12NavigateControl */ = {
			isa = PBXGroup;
			children = (
				6177EDBA1E171CB800FE946D /* Images */,
				6177ED941E1713A600FE946D /* AppDelegate.h */,
				6177ED951E1713A600FE946D /* AppDelegate.m */,
				6177EDBC1E17304B00FE946D /* Controllers */,
				6177EDB11E17140400FE946D /* contain.xib */,
				6177EDB31E17140F00FE946D /* basic.xib */,
				6177EDB51E17141F00FE946D /* left.xib */,
				6177ED9A1E1713A600FE946D /* Main.storyboard */,
				6177ED9D1E1713A600FE946D /* Assets.xcassets */,
				6177ED9F1E1713A600FE946D /* LaunchScreen.storyboard */,
				6177EDA21E1713A600FE946D /* Info.plist */,
				6177ED911E1713A600FE946D /* Supporting Files */,
			);
			path = "Lab#12NavigateControl";
			sourceTree = "<group>";
		};
		6177ED911E1713A600FE946D /* Supporting Files */ = {
			isa = PBXGroup;
			children = (
				6177ED921E1713A600FE946D /* main.m */,
			);
			name = "Supporting Files";
			sourceTree = "<group>";
		};
		6177EDBC1E17304B00FE946D /* Controllers */ = {
			isa = PBXGroup;
			children = (
				6177EDA81E1713CA00FE946D /* LEContainerViewController.h */,
				6177EDA91E1713CA00FE946D /* LEContainerViewController.m */,
				6177EDAB1E1713E900FE946D /* LEBasicController.h */,
				6177EDAC1E1713E900FE946D /* LEBasicController.m */,
				6177EDAE1E1713F300FE946D /* LELeftController.h */,
				6177EDAF1E1713F300FE946D /* LELeftController.m */,
				6177EDB71E1719CC00FE946D /* LECell.h */,
				6177EDB81E1719CC00FE946D /* LECell.m */,
			);
			name = Controllers;
			sourceTree = "<group>";
		};
/* End PBXGroup section */

/* Begin PBXNativeTarget section */
		6177ED8D1E1713A600FE946D /* Lab#12NavigateControl */ = {
			isa = PBXNativeTarget;
			buildConfigurationList = 6177EDA51E1713A600FE946D /* Build configuration list for PBXNativeTarget "Lab#12NavigateControl" */;
			buildPhases = (
				6177ED8A1E1713A600FE946D /* Sources */,
				6177ED8B1E1713A600FE946D /* Frameworks */,
				6177ED8C1E1713A600FE946D /* Resources */,
			);
			buildRules = (
			);
			dependencies = (
			);
			name = "Lab#12NavigateControl";
			productName = "Lab#12NavigateControl";
			productReference = 6177ED8E1E1713A600FE946D /* Lab#12NavigateControl.app */;
			productType = "com.apple.product-type.application";
		};
/* End PBXNativeTarget section */

/* Begin PBXProject section */
		6177ED861E1713A600FE946D /* Project object */ = {
			isa = PBXProject;
			attributes = {
				LastUpgradeCheck = 0820;
				ORGANIZATIONNAME = Eugheny_Levin;
				TargetAttributes = {
					6177ED8D1E1713A600FE946D = {
						CreatedOnToolsVersion = 8.2;
						ProvisioningStyle = Automatic;
					};
				};
			};
			buildConfigurationList = 6177ED891E1713A600FE946D /* Build configuration list for PBXProject "Lab#12NavigateControl" */;
			compatibilityVersion = "Xcode 3.2";
			developmentRegion = English;
			hasScannedForEncodings = 0;
			knownRegions = (
				en,
				Base,
			);
			mainGroup = 6177ED851E1713A600FE946D;
			productRefGroup = 6177ED8F1E1713A600FE946D /* Products */;
			projectDirPath = "";
			projectRoot = "";
			targets = (
				6177ED8D1E1713A600FE946D /* Lab#12NavigateControl */,
			);
		};
/* End PBXProject section */

/* Begin PBXResourcesBuildPhase section */
		6177ED8C1E1713A600FE946D /* Resources */ = {
			isa = PBXResourcesBuildPhase;
			buildActionMask = 2147483647;
			files = (
				6177EDB61E17141F00FE946D /* left.xib in Resources */,
				6177EDB21E17140400FE946D /* contain.xib in Resources */,
				6177EDBB1E171CB800FE946D /* Images in Resources */,
				6177EDA11E1713A600FE946D /* LaunchScreen.storyboard in Resources */,
				6177EDB41E17140F00FE946D /* basic.xib in Resources */,
				6177ED9E1E1713A600FE946D /* Assets.xcassets in Resources */,
				6177ED9C1E1713A600FE946D /* Main.storyboard in Resources */,
			);
			runOnlyForDeploymentPostprocessing = 0;
		};
/* End PBXResourcesBuildPhase section */

/* Begin PBXSourcesBuildPhase section */
		6177ED8A1E1713A600FE946D /* Sources */ = {
			isa = PBXSourcesBuildPhase;
			buildActionMask = 2147483647;
			files = (
				6177EDB01E1713F300FE946D /* LELeftController.m in Sources */,
				6177EDAD1E1713E900FE946D /* LEBasicController.m in Sources */,
				6177EDB91E1719CC00FE946D /* LECell.m in Sources */,
				6177EDAA1E1713CA00FE946D /* LEContainerViewController.m in Sources */,
				6177ED961E1713A600FE946D /* AppDelegate.m in Sources */,
				6177ED931E1713A600FE946D /* main.m in Sources */,
			);
			runOnlyForDeploymentPostprocessing = 0;
		};
/* End PBXSourcesBuildPhase section */

/* Begin PBXVariantGroup section */
		6177ED9A1E1713A600FE946D /* Main.storyboard */ = {
			isa = PBXVariantGroup;
			children = (
				6177ED9B1E1713A600FE946D /* Base */,
			);
			name = Main.storyboard;
			sourceTree = "<group>";
		};
		6177ED9F1E1713A600FE946D /* LaunchScreen.storyboard */ = {
			isa = PBXVariantGroup;
			children = (
				6177EDA01E1713A600FE946D /* Base */,
			);
			name = LaunchScreen.storyboard;
			sourceTree = "<group>";
		};
/* End PBXVariantGroup section */

/* Begin XCBuildConfiguration section */
		6177EDA31E1713A600FE946D /* Debug */ = {
			isa = XCBuildConfiguration;
			buildSettings = {
				ALWAYS_SEARCH_USER_PATHS = NO;
				CLANG_ANALYZER_NONNULL = YES;
				CLANG_CXX_LANGUAGE_STANDARD = "gnu++0x";
				CLANG_CXX_LIBRARY = "libc++";
				CLANG_ENABLE_MODULES = YES;
				CLANG_ENABLE_OBJC_ARC = YES;
				CLANG_WARN_BOOL_CONVERSION = YES;
				CLANG_WARN_CONSTANT_CONVERSION = YES;
				CLANG_WARN_DIRECT_OBJC_ISA_USAGE = YES_ERROR;
				CLANG_WARN_DOCUMENTATION_COMMENTS = YES;
				CLANG_WARN_EMPTY_BODY = YES;
				CLANG_WARN_ENUM_CONVERSION = YES;
				CLANG_WARN_INFINITE_RECURSION = YES;
				CLANG_WARN_INT_CONVERSION = YES;
				CLANG_WARN_OBJC_ROOT_CLASS = YES_ERROR;
				CLANG_WARN_SUSPICIOUS_MOVE = YES;
				CLANG_WARN_UNREACHABLE_CODE = YES;
				CLANG_WARN__DUPLICATE_METHOD_MATCH = YES;
				"CODE_SIGN_IDENTITY[sdk=iphoneos*]" = "iPhone Developer";
				COPY_PHASE_STRIP = NO;
				DEBUG_INFORMATION_FORMAT = dwarf;
				ENABLE_STRICT_OBJC_MSGSEND = YES;
				ENABLE_TESTABILITY = YES;
				GCC_C_LANGUAGE_STANDARD = gnu99;
				GCC_DYNAMIC_NO_PIC = NO;
				GCC_NO_COMMON_BLOCKS = YES;
				GCC_OPTIMIZATION_LEVEL = 0;
				GCC_PREPROCESSOR_DEFINITIONS = (
					"DEBUG=1",
					"$(inherited)",
				);
				GCC_WARN_64_TO_32_BIT_CONVERSION = YES;
				GCC_WARN_ABOUT_RETURN_TYPE = YES_ERROR;
				GCC_WARN_UNDECLARED_SELECTOR = YES;
				GCC_WARN_UNINITIALIZED_AUTOS = YES_AGGRESSIVE;
				GCC_WARN_UNUSED_FUNCTION = YES;
				GCC_WARN_UNUSED_VARIABLE = YES;
				IPHONEOS_DEPLOYMENT_TARGET = 10.2;
				MTL_ENABLE_DEBUG_INFO = YES;
				ONLY_ACTIVE_ARCH = YES;
				SDKROOT = iphoneos;
				TARGETED_DEVICE_FAMILY = 2;
			};
			name = Debug;
		};
		6177EDA41E1713A600FE946D /* Release */ = {
			isa = XCBuildConfiguration;
			buildSettings = {
				ALWAYS_SEARCH_USER_PATHS = NO;
				CLANG_ANALYZER_NONNULL = YES;
				CLANG_CXX_LANGUAGE_STANDARD = "gnu++0x";
				CLANG_CXX_LIBRARY = "libc++";
				CLANG_ENABLE_MODULES = YES;
				CLANG_ENABLE_OBJC_ARC = YES;
				CLANG_WARN_BOOL_CONVERSION = YES;
				CLANG_WARN_CONSTANT_CONVERSION = YES;
				CLANG_WARN_DIRECT_OBJC_ISA_USAGE = YES_ERROR;
				CLANG_WARN_DOCUMENTATION_COMMENTS = YES;
				CLANG_WARN_EMPTY_BODY = YES;
				CLANG_WARN_ENUM_CONVERSION = YES;
				CLANG_WARN_INFINITE_RECURSION = YES;
				CLANG_WARN_INT_CONVERSION = YES;
				CLANG_WARN_OBJC_ROOT_CLASS = YES_ERROR;
				CLANG_WARN_SUSPICIOUS_MOVE = YES;
				CLANG_WARN_UNREACHABLE_CODE = YES;
				CLANG_WARN__DUPLICATE_METHOD_MATCH = YES;
				"CODE_SIGN_IDENTITY[sdk=iphoneos*]" = "iPhone Developer";
				COPY_PHASE_STRIP = NO;
				DEBUG_INFORMATION_FORMAT = "dwarf-with-dsym";
				ENABLE_NS_ASSERTIONS = NO;
				ENABLE_STRICT_OBJC_MSGSEND = YES;
				GCC_C_LANGUAGE_STANDARD = gnu99;
				GCC_NO_COMMON_BLOCKS = YES;
				GCC_WARN_64_TO_32_BIT_CONVERSION = YES;
				GCC_WARN_ABOUT_RETURN_TYPE = YES_ERROR;
				GCC_WARN_UNDECLARED_SELECTOR = YES;
				GCC_WARN_UNINITIALIZED_AUTOS = YES_AGGRESSIVE;
				GCC_WARN_UNUSED_FUNCTION = YES;
				GCC_WARN_UNUSED_VARIABLE = YES;
				IPHONEOS_DEPLOYMENT_TARGET = 10.2;
				MTL_ENABLE_DEBUG_INFO = NO;
				SDKROOT = iphoneos;
				TARGETED_DEVICE_FAMILY = 2;
				VALIDATE_PRODUCT = YES;
			};
			name = Release;
		};
		6177EDA61E1713A600FE946D /* Debug */ = {
			isa = XCBuildConfiguration;
			buildSettings = {
				ASSETCATALOG_COMPILER_APPICON_NAME = AppIcon;
				INFOPLIST_FILE = "Lab#12NavigateControl/Info.plist";
				IPHONEOS_DEPLOYMENT_TARGET = 8.1;
				LD_RUNPATH_SEARCH_PATHS = "$(inherited) @executable_path/Frameworks";
				PRODUCT_BUNDLE_IDENTIFIER = "evgenylevin91-gmail.com.Lab-12NavigateControl";
				PRODUCT_NAME = "$(TARGET_NAME)";
			};
			name = Debug;
		};
		6177EDA71E1713A600FE946D /* Release */ = {
			isa = XCBuildConfiguration;
			buildSettings = {
				ASSETCATALOG_COMPILER_APPICON_NAME = AppIcon;
				INFOPLIST_FILE = "Lab#12NavigateControl/Info.plist";
				IPHONEOS_DEPLOYMENT_TARGET = 8.1;
				LD_RUNPATH_SEARCH_PATHS = "$(inherited) @executable_path/Frameworks";
				PRODUCT_BUNDLE_IDENTIFIER = "evgenylevin91-gmail.com.Lab-12NavigateControl";
				PRODUCT_NAME = "$(TARGET_NAME)";
			};
			name = Release;
		};
/* End XCBuildConfiguration section */

/* Begin XCConfigurationList section */
		6177ED891E1713A600FE946D /* Build configuration list for PBXProject "Lab#12NavigateControl" */ = {
			isa = XCConfigurationList;
			buildConfigurations = (
				6177EDA31E1713A600FE946D /* Debug */,
				6177EDA41E1713A600FE946D /* Release */,
			);
			defaultConfigurationIsVisible = 0;
			defaultConfigurationName = Release;
		};
		6177EDA51E1713A600FE946D /* Build configuration list for PBXNativeTarget "Lab#12NavigateControl" */ = {
			isa = XCConfigurationList;
			buildConfigurations = (
				6177EDA61E1713A600FE946D /* Debug */,
				6177EDA71E1713A600FE946D /* Release */,
			);
			defaultConfigurationIsVisible = 0;
		};
/* End XCConfigurationList section */
	};
	rootObject = 6177ED861E1713A600FE946D /* Project object */;
}
